# This file is generated by running "yarn install" inside your project.
# Manual changes might be lost - proceed with caution!

__metadata:
  version: 10
  cacheKey: 10c0

"a@npm:^1.0.0":
  version: 1.0.0
  resolution: "a@npm:1.0.0"
  checksum: 10c0/0000000000000000000000000000000000000001
  languageName: node
  linkType: hard

"b@npm:^2.0.0":
  version: 2.0.0
  resolution: "b@npm:2.0.0"
  checksum: 10c0/0000000000000000000000000000000000000002
  languageName: node
  linkType: hard

"d@npm:^3.0.0":
  version: 3.0.0
  resolution: "d@npm:3.0.0"
  checksum: 10c0/0000000000000000000000000000000000000004
  languageName: node
  linkType: hard

"pkg-one@workspace:packages/pkg-one":
  version: 0.0.0-use.local
  resolution: "pkg-one@workspace:packages/pkg-one"
  dependencies:
    b: "npm:^2.0.0"
  languageName: unknown
  linkType: soft

"pkg-two@workspace:packages/pkg-two":
  version: 0.0.0-use.local
  resolution: "pkg-two@workspace:packages/pkg-two"
  dependencies:
    d: "npm:^3.0.0"
    pkg-one: "workspace:^"
  languageName: unknown
  linkType: soft

"workspace-root@workspace:.":
  version: 0.0.0-use.local
  resolution: "workspace-root@workspace:."
  dependencies:
    a: "npm:^1.0.0"
  languageName: unknown
  linkType: soft
