# This file is generated by running "yarn install" inside your project.
# Manual changes might be lost - proceed with caution!

__metadata:
  version: 10
  cacheKey: 10c0

"@biomejs/biome@npm:2.5.4":
  version: 2.5.4
  resolution: "@biomejs/biome@npm:2.5.4"
  dependencies:
    "@biomejs/cli-darwin-arm64": "npm:2.5.4"
    "@biomejs/cli-darwin-x64": "npm:2.5.4"
    "@biomejs/cli-linux-arm64": "npm:2.5.4"
    "@biomejs/cli-linux-arm64-musl": "npm:2.5.4"
    "@biomejs/cli-linux-x64": "npm:2.5.4"
    "@biomejs/cli-linux-x64-musl": "npm:2.5.4"
    "@biomejs/cli-win32-arm64": "npm:2.5.4"
    "@biomejs/cli-win32-x64": "npm:2.5.4"
  dependenciesMeta:
    "@biomejs/cli-darwin-arm64":
      optional: true
    "@biomejs/cli-darwin-x64":
      optional: true
    "@biomejs/cli-linux-arm64":
      optional: true
    "@biomejs/cli-linux-arm64-musl":
      optional: true
    "@biomejs/cli-linux-x64":
      optional: true
    "@biomejs/cli-linux-x64-musl":
      optional: true
    "@biomejs/cli-win32-arm64":
      optional: true
    "@biomejs/cli-win32-x64":
      optional: true
  bin:
    biome: bin/biome
  checksum: 10c0/a46639cba046fb6c19ab2e02257ddda696bdda7bb12e0ad696286074540ed0d6b395258f8711babb439b04d0659ce52b05716a8da1914cb7512a9d43c02118d8
  languageName: node
  linkType: hard

"@biomejs/cli-darwin-arm64@npm:2.5.4":
  version: 2.5.4
  resolution: "@biomejs/cli-darwin-arm64@npm:2.5.4"
  conditions: os=darwin & cpu=arm64
  languageName: node
  linkType: hard

"@biomejs/cli-darwin-x64@npm:2.5.4":
  version: 2.5.4
  resolution: "@biomejs/cli-darwin-x64@npm:2.5.4"
  conditions: os=darwin & cpu=x64
  languageName: node
  linkType: hard

"@biomejs/cli-linux-arm64-musl@npm:2.5.4":
  version: 2.5.4
  resolution: "@biomejs/cli-linux-arm64-musl@npm:2.5.4"
  conditions: os=linux & cpu=arm64 & libc=musl
  languageName: node
  linkType: hard

"@biomejs/cli-linux-arm64@npm:2.5.4":
  version: 2.5.4
  resolution: "@biomejs/cli-linux-arm64@npm:2.5.4"
  conditions: os=linux & cpu=arm64 & libc=glibc
  languageName: node
  linkType: hard

"@biomejs/cli-linux-x64-musl@npm:2.5.4":
  version: 2.5.4
  resolution: "@biomejs/cli-linux-x64-musl@npm:2.5.4"
  conditions: os=linux & cpu=x64 & libc=musl
  languageName: node
  linkType: hard

"@biomejs/cli-linux-x64@npm:2.5.4":
  version: 2.5.4
  resolution: "@biomejs/cli-linux-x64@npm:2.5.4"
  conditions: os=linux & cpu=x64 & libc=glibc
  languageName: node
  linkType: hard

"@biomejs/cli-win32-arm64@npm:2.5.4":
  version: 2.5.4
  resolution: "@biomejs/cli-win32-arm64@npm:2.5.4"
  conditions: os=win32 & cpu=arm64
  languageName: node
  linkType: hard

"@biomejs/cli-win32-x64@npm:2.5.4":
  version: 2.5.4
  resolution: "@biomejs/cli-win32-x64@npm:2.5.4"
  conditions: os=win32 & cpu=x64
  languageName: node
  linkType: hard

"@cacheable/utils@npm:^2.5.0":
  version: 2.5.0
  resolution: "@cacheable/utils@npm:2.5.0"
  dependencies:
    hashery: "npm:^1.5.1"
    keyv: "npm:^5.6.0"
  checksum: 10c0/99e901accd71eeb0bce91484d6c66d7ef2c731b541561eb5dc9ea7fed78bdc0b65e5dd2a80edde50191143bcfc5f238fc4742475b32e82d43b43eea224038e35
  languageName: node
  linkType: hard

"@gar/promise-retry@npm:^1.0.0":
  version: 1.0.3
  resolution: "@gar/promise-retry@npm:1.0.3"
  checksum: 10c0/885b02c8b0d75b2d215da25f3b639158c4fbe8fefe0d79163304534b9a6d0710db4b7699f7cd3cc1a730792bff04cbe19f4850a62d3e105a663eaeec88f38332
  languageName: node
  linkType: hard

"@keyv/serialize@npm:^1.1.1":
  version: 1.1.1
  resolution: "@keyv/serialize@npm:1.1.1"
  checksum: 10c0/b0008cae4a54400c3abf587b8cc2474c6f528ee58969ce6cf9cb07a04006f80c73c85971d6be6544408318a2bc40108236a19a82aea0a6de95aae49533317374
  languageName: node
  linkType: hard

"@npmcli/agent@npm:^5.0.0":
  version: 5.0.2
  resolution: "@npmcli/agent@npm:5.0.2"
  dependencies:
    agent-base: "npm:^9.0.0"
    http-proxy-agent: "npm:^9.0.0"
    https-proxy-agent: "npm:^9.0.0"
    lru-cache: "npm:^11.2.1"
    socks-proxy-agent: "npm:^10.0.0"
  checksum: 10c0/24ca018e70d8876afbd94d65e4c41b58b4ee71435fc86bdc8121da3bf846ad40af09a127f2e9c75bbce6a57db216cf7705e4a60f3e58d3f8f22b6a91c140859a
  languageName: node
  linkType: hard

"@npmcli/fs@npm:^6.0.0":
  version: 6.0.0
  resolution: "@npmcli/fs@npm:6.0.0"
  dependencies:
    semver: "npm:^7.3.5"
  checksum: 10c0/7a152ead2752a689c59f0fcf46f303bc422b6c8d1352e991c36c004b029c63e15d4778f1f54208e6a3be7854266deb902bfa23ef9b1387592d360af6c523e970
  languageName: node
  linkType: hard

"@npmcli/redact@npm:^5.0.0":
  version: 5.0.0
  resolution: "@npmcli/redact@npm:5.0.0"
  checksum: 10c0/083ae28844b4af8c1a090c793ad3d40e41bdd3d14c74b786405b4e2e89d772639d88be544843a8db27540e7614a4384c7aec37d534442c89ba5760b85107dff4
  languageName: node
  linkType: hard

"@onigoetz/outdated-dependencies@workspace:.":
  version: 0.0.0-use.local
  resolution: "@onigoetz/outdated-dependencies@workspace:."
  dependencies:
    "@biomejs/biome": "npm:2.5.4"
    "@yarnpkg/lockfile": "npm:1.1.0"
    arg: "npm:5.0.2"
    cache-manager: "npm:7.2.9"
    cache-manager-fs-hash: "npm:3.0.0"
    cli-progress: "npm:3.12.0"
    npm-pick-manifest: "npm:12.0.0"
    npm-registry-fetch: "npm:20.0.1"
    open: "npm:11.0.0"
    pretty-bytes: "npm:7.1.1"
    tmp: "npm:0.2.7"
    yaml: "npm:2.9.0"
  bin:
    outdated-dependencies: src/bin.js
  languageName: unknown
  linkType: soft

"@yarnpkg/lockfile@npm:1.1.0":
  version: 1.1.0
  resolution: "@yarnpkg/lockfile@npm:1.1.0"
  checksum: 10c0/0bfa50a3d756623d1f3409bc23f225a1d069424dbc77c6fd2f14fb377390cd57ec703dc70286e081c564be9051ead9ba85d81d66a3e68eeb6eb506d4e0c0fbda
  languageName: node
  linkType: hard

"agent-base@npm:9.0.0, agent-base@npm:^9.0.0":
  version: 9.0.0
  resolution: "agent-base@npm:9.0.0"
  checksum: 10c0/0274cd9a2a0ee78e3fbe0e80e7e0c41df27102466f7f7b3a67c045bb4c00fc517ce0496de3045b55f5eeec1a0e77d9d0a9b9320b0362bfe61e0c9e6d7ebaee76
  languageName: node
  linkType: hard

"ansi-regex@npm:^5.0.1":
  version: 5.0.1
  resolution: "ansi-regex@npm:5.0.1"
  checksum: 10c0/9a64bb8627b434ba9327b60c027742e5d17ac69277960d041898596271d992d4d52ba7267a63ca10232e29f6107fc8a835f6ce8d719b88c5f8493f8254813737
  languageName: node
  linkType: hard

"arg@npm:5.0.2":
  version: 5.0.2
  resolution: "arg@npm:5.0.2"
  checksum: 10c0/ccaf86f4e05d342af6666c569f844bec426595c567d32a8289715087825c2ca7edd8a3d204e4d2fb2aa4602e09a57d0c13ea8c9eea75aac3dbb4af5514e6800e
  languageName: node
  linkType: hard

"balanced-match@npm:^4.0.2":
  version: 4.0.4
  resolution: "balanced-match@npm:4.0.4"
  checksum: 10c0/07e86102a3eb2ee2a6a1a89164f29d0dbaebd28f2ca3f5ca786f36b8b23d9e417eb3be45a4acf754f837be5ac0a2317de90d3fcb7f4f4dc95720a1f36b26a17b
  languageName: node
  linkType: hard

"brace-expansion@npm:^5.0.5":
  version: 5.0.7
  resolution: "brace-expansion@npm:5.0.7"
  dependencies:
    balanced-match: "npm:^4.0.2"
  checksum: 10c0/4769109c3c082de178e449a371bcad50d51ab468f644bce2dd9188efe0cf0a080ed102105d7fc8577382cedc45bad7e6443a91bf3d8102264ee8cf927dbaf205
  languageName: node
  linkType: hard

"bundle-name@npm:^4.1.0":
  version: 4.1.0
  resolution: "bundle-name@npm:4.1.0"
  dependencies:
    run-applescript: "npm:^7.0.0"
  checksum: 10c0/8e575981e79c2bcf14d8b1c027a3775c095d362d1382312f444a7c861b0e21513c0bd8db5bd2b16e50ba0709fa622d4eab6b53192d222120305e68359daece29
  languageName: node
  linkType: hard

"cacache@npm:^21.0.0":
  version: 21.0.1
  resolution: "cacache@npm:21.0.1"
  dependencies:
    "@npmcli/fs": "npm:^6.0.0"
    fs-minipass: "npm:^3.0.0"
    glob: "npm:^13.0.0"
    lru-cache: "npm:^11.1.0"
    minipass: "npm:^7.0.3"
    minipass-collect: "npm:^2.0.1"
    minipass-flush: "npm:^1.0.5"
    minipass-pipeline: "npm:^1.2.4"
    p-map: "npm:^7.0.2"
    ssri: "npm:^14.0.0"
  checksum: 10c0/3e639e8fa1015f85ea38c04a4998fa23cd33005c4208ad190e8b246b312e440e26481c589aa7f78f49b784e8ed376e88271631e5b924c3ac5be48739cc38c752
  languageName: node
  linkType: hard

"cache-manager-fs-hash@npm:3.0.0":
  version: 3.0.0
  resolution: "cache-manager-fs-hash@npm:3.0.0"
  dependencies:
    lockfile: "npm:^1.0.4"
  checksum: 10c0/68d2264f1706888de25369e0d568da2c397361338751ce7d418e1667454a2bbd5643f764d862b755453e1a40571add02da2a04d7c6ad6e9efa01d15351a6b0fa
  languageName: node
  linkType: hard

"cache-manager@npm:7.2.9":
  version: 7.2.9
  resolution: "cache-manager@npm:7.2.9"
  dependencies:
    "@cacheable/utils": "npm:^2.5.0"
    keyv: "npm:^5.6.0"
  checksum: 10c0/b4146edb102c7f49f9eb804c48ffb370405594e36f3e391093c35f5589b25fcd51cb33291589e453882745b60d669f7be21411c86864746d74ef9287ef238af8
  languageName: node
  linkType: hard

"cli-progress@npm:3.12.0":
  version: 3.12.0
  resolution: "cli-progress@npm:3.12.0"
  dependencies:
    string-width: "npm:^4.2.3"
  checksum: 10c0/f464cb19ebde2f3880620a2adfaeeefaec6cb15c8e610c8a659ca1047ee90d69f3bf2fdabbb1fe33ac408678e882e3e0eecdb84ab5df0edf930b269b8a72682d
  languageName: node
  linkType: hard

"debug@npm:^4.3.4":
  version: 4.4.3
  resolution: "debug@npm:4.4.3"
  dependencies:
    ms: "npm:^2.1.3"
  peerDependenciesMeta:
    supports-color:
      optional: true
  checksum: 10c0/d79136ec6c83ecbefd0f6a5593da6a9c91ec4d7ddc4b54c883d6e71ec9accb5f67a1a5e96d00a328196b5b5c86d365e98d8a3a70856aaf16b4e7b1985e67f5a6
  languageName: node
  linkType: hard

"default-browser-id@npm:^5.0.0":
  version: 5.0.1
  resolution: "default-browser-id@npm:5.0.1"
  checksum: 10c0/5288b3094c740ef3a86df9b999b04ff5ba4dee6b64e7b355c0fff5217752c8c86908d67f32f6cba9bb4f9b7b61a1b640c0a4f9e34c57e0ff3493559a625245ee
  languageName: node
  linkType: hard

"default-browser@npm:^5.4.0":
  version: 5.5.0
  resolution: "default-browser@npm:5.5.0"
  dependencies:
    bundle-name: "npm:^4.1.0"
    default-browser-id: "npm:^5.0.0"
  checksum: 10c0/576593b617b17a7223014b4571bfe1c06a2581a4eb8b130985d90d253afa3f40999caec70eb0e5776e80d4af6a41cce91018cd3f86e57ad578bf59e46fb19abe
  languageName: node
  linkType: hard

"define-lazy-prop@npm:^3.0.0":
  version: 3.0.0
  resolution: "define-lazy-prop@npm:3.0.0"
  checksum: 10c0/5ab0b2bf3fa58b3a443140bbd4cd3db1f91b985cc8a246d330b9ac3fc0b6a325a6d82bddc0b055123d745b3f9931afeea74a5ec545439a1630b9c8512b0eeb49
  languageName: node
  linkType: hard

"emoji-regex@npm:^8.0.0":
  version: 8.0.0
  resolution: "emoji-regex@npm:8.0.0"
  checksum: 10c0/b6053ad39951c4cf338f9092d7bfba448cdfd46fe6a2a034700b149ac9ffbc137e361cbd3c442297f86bed2e5f7576c1b54cc0a6bf8ef5106cc62f496af35010
  languageName: node
  linkType: hard

"fs-minipass@npm:^3.0.0":
  version: 3.0.3
  resolution: "fs-minipass@npm:3.0.3"
  dependencies:
    minipass: "npm:^7.0.3"
  checksum: 10c0/63e80da2ff9b621e2cb1596abcb9207f1cf82b968b116ccd7b959e3323144cce7fb141462200971c38bbf2ecca51695069db45265705bed09a7cd93ae5b89f94
  languageName: node
  linkType: hard

"glob@npm:^13.0.0":
  version: 13.0.6
  resolution: "glob@npm:13.0.6"
  dependencies:
    minimatch: "npm:^10.2.2"
    minipass: "npm:^7.1.3"
    path-scurry: "npm:^2.0.2"
  checksum: 10c0/269c236f11a9b50357fe7a8c6aadac667e01deb5242b19c84975628f05f4438d8ee1354bb62c5d6c10f37fd59911b54d7799730633a2786660d8c69f1d18120a
  languageName: node
  linkType: hard

"hashery@npm:^1.5.1":
  version: 1.5.1
  resolution: "hashery@npm:1.5.1"
  dependencies:
    hookified: "npm:^1.15.0"
  checksum: 10c0/ab4225b655a7b0d05df99b1a59d5b3a51fe433f82422ca25e6f3f4c4ddd30adb49ebd38e0047ef9bded93319c1e9fc857e16aa382e554929c871cb77d39fc463
  languageName: node
  linkType: hard

"hookified@npm:^1.15.0":
  version: 1.15.1
  resolution: "hookified@npm:1.15.1"
  checksum: 10c0/6b691374fa97ae57169fb29f90e723499fda5e85494654fbe55c4768b3ccbf3e14c0adc8d0f365f32c503b60d7c06f907781f5966c03d41c423575eb5e16860c
  languageName: node
  linkType: hard

"hosted-git-info@npm:^10.1.0":
  version: 10.1.1
  resolution: "hosted-git-info@npm:10.1.1"
  dependencies:
    lru-cache: "npm:^11.1.0"
  checksum: 10c0/cabc45fe4b429bbff051899f9f74982e05bcded72ced74ffbad3fceae64b34b643df57f780c896ea8a774188948e9ff1faed33322a7de89c64ac6c3be3efac76
  languageName: node
  linkType: hard

"http-cache-semantics@npm:^4.1.1":
  version: 4.2.0
  resolution: "http-cache-semantics@npm:4.2.0"
  checksum: 10c0/45b66a945cf13ec2d1f29432277201313babf4a01d9e52f44b31ca923434083afeca03f18417f599c9ab3d0e7b618ceb21257542338b57c54b710463b4a53e37
  languageName: node
  linkType: hard

"http-proxy-agent@npm:^9.0.0":
  version: 9.1.0
  resolution: "http-proxy-agent@npm:9.1.0"
  dependencies:
    agent-base: "npm:9.0.0"
    debug: "npm:^4.3.4"
    proxy-agent-negotiate: "npm:1.1.0"
  checksum: 10c0/1dff8eaef76b154545c1a7492fa01305dda393efba53d894f5fc45992d711fa4036bdc64a61e0bc76bb7531513a4f8ddcccdf81d1476ddcc9cbf621735d397e4
  languageName: node
  linkType: hard

"https-proxy-agent@npm:^9.0.0":
  version: 9.1.0
  resolution: "https-proxy-agent@npm:9.1.0"
  dependencies:
    agent-base: "npm:9.0.0"
    debug: "npm:^4.3.4"
    proxy-agent-negotiate: "npm:1.1.0"
  checksum: 10c0/95ca9504944e0b6d214f9da0b4d747512bf79187b4c6f69db667049bdcc43e2b67c7932ad2c4bd6952e99e83de9a7d42dafff63672d7898da297b2736f4b42bd
  languageName: node
  linkType: hard

"iconv-lite@npm:^0.7.2":
  version: 0.7.3
  resolution: "iconv-lite@npm:0.7.3"
  dependencies:
    safer-buffer: "npm:>= 2.1.2 < 3.0.0"
  checksum: 10c0/be2fd2414f7e94be3a63063fa0ad5919c16bc7b6e00c77eea0765ced6db405739f38dd51016583058fba25cc1d0106ba30b83fbb7a7e32f824d4db76f23d8d33
  languageName: node
  linkType: hard

"ip-address@npm:^10.1.1":
  version: 10.2.0
  resolution: "ip-address@npm:10.2.0"
  checksum: 10c0/5a00aada6e922c9c69dfc800ed5d0fa3348675ebdeed0e1575f503f27ca385b5f534363c9af7ad1daf64c1f1409388cdd3cc2e9b9b0fe1c924a431378d55075a
  languageName: node
  linkType: hard

"is-docker@npm:^3.0.0":
  version: 3.0.0
  resolution: "is-docker@npm:3.0.0"
  bin:
    is-docker: cli.js
  checksum: 10c0/d2c4f8e6d3e34df75a5defd44991b6068afad4835bb783b902fa12d13ebdb8f41b2a199dcb0b5ed2cb78bfee9e4c0bbdb69c2d9646f4106464674d3e697a5856
  languageName: node
  linkType: hard

"is-fullwidth-code-point@npm:^3.0.0":
  version: 3.0.0
  resolution: "is-fullwidth-code-point@npm:3.0.0"
  checksum: 10c0/bb11d825e049f38e04c06373a8d72782eee0205bda9d908cc550ccb3c59b99d750ff9537982e01733c1c94a58e35400661f57042158ff5e8f3e90cf936daf0fc
  languageName: node
  linkType: hard

"is-in-ssh@npm:^1.0.0":
  version: 1.0.0
  resolution: "is-in-ssh@npm:1.0.0"
  checksum: 10c0/fbb4c25d85c543df09997fbe7aeca410ae0c839c5825bba2d4c672df765e9ce0e7558e781b371c0a21d6ef9bbac39b31875617a68eaaea5504438d07db9a2ffa
  languageName: node
  linkType: hard

"is-inside-container@npm:^1.0.0":
  version: 1.0.0
  resolution: "is-inside-container@npm:1.0.0"
  dependencies:
    is-docker: "npm:^3.0.0"
  bin:
    is-inside-container: cli.js
  checksum: 10c0/a8efb0e84f6197e6ff5c64c52890fa9acb49b7b74fed4da7c95383965da6f0fa592b4dbd5e38a79f87fc108196937acdbcd758fcefc9b140e479b39ce1fcd1cd
  languageName: node
  linkType: hard

"is-wsl@npm:^3.1.0":
  version: 3.1.1
  resolution: "is-wsl@npm:3.1.1"
  dependencies:
    is-inside-container: "npm:^1.0.0"
  checksum: 10c0/7e5023522bfb8f27de4de960b0d82c4a8146c0bddb186529a3616d78b5bbbfc19ef0c5fc60d0b3a3cc0bf95a415fbdedc18454310ea3049587c879b07ace5107
  languageName: node
  linkType: hard

"jsonparse@npm:^1.3.1":
  version: 1.3.1
  resolution: "jsonparse@npm:1.3.1"
  checksum: 10c0/89bc68080cd0a0e276d4b5ab1b79cacd68f562467008d176dc23e16e97d4efec9e21741d92ba5087a8433526a45a7e6a9d5ef25408696c402ca1cfbc01a90bf0
  languageName: node
  linkType: hard

"keyv@npm:^5.6.0":
  version: 5.6.0
  resolution: "keyv@npm:5.6.0"
  dependencies:
    "@keyv/serialize": "npm:^1.1.1"
  checksum: 10c0/c3ea795b6e03593ca57c8f70928a69bad14c13389a7fb75649a115ff55615244b04d8902798d841c17f0bb4a8a8866c97133b543b93f151b440170bba09176db
  languageName: node
  linkType: hard

"lockfile@npm:^1.0.4":
  version: 1.0.4
  resolution: "lockfile@npm:1.0.4"
  dependencies:
    signal-exit: "npm:^3.0.2"
  checksum: 10c0/80b7777ceb43105d9e588733c3efc2514653a5e3a0dae3e61347a1f5381da34dcaa2caaa60c39ed5d4ad31c1735a4831e5639a0ba1c508bfea8dbc9c89777b37
  languageName: node
  linkType: hard

"lru-cache@npm:^11.0.0, lru-cache@npm:^11.1.0, lru-cache@npm:^11.2.1":
  version: 11.5.2
  resolution: "lru-cache@npm:11.5.2"
  checksum: 10c0/ece1ad731f5b655e85d67047d04bfc13823dc77aa61c5454924a9869ba600a0104e39cc33d726021feef812bc347ca34a5608a5eb1972a5dd0870b7ecd42c3f2
  languageName: node
  linkType: hard

"make-fetch-happen@npm:^16.0.0":
  version: 16.0.1
  resolution: "make-fetch-happen@npm:16.0.1"
  dependencies:
    "@gar/promise-retry": "npm:^1.0.0"
    "@npmcli/agent": "npm:^5.0.0"
    "@npmcli/redact": "npm:^5.0.0"
    cacache: "npm:^21.0.0"
    http-cache-semantics: "npm:^4.1.1"
    minipass: "npm:^7.0.2"
    minipass-fetch: "npm:^6.0.0"
    minipass-flush: "npm:^1.0.5"
    minipass-pipeline: "npm:^1.2.4"
    negotiator: "npm:^1.0.0"
    proc-log: "npm:^7.0.0"
    ssri: "npm:^14.0.0"
  checksum: 10c0/5863bd6b4d48c49313c20823d1efd958f9c6e9d77db0029fcb8446458832ec028f01c5927fea8ffa91b5b50ac135623588874d5f8212e3e36b7c8ffc52878b99
  languageName: node
  linkType: hard

"minimatch@npm:^10.2.2":
  version: 10.2.5
  resolution: "minimatch@npm:10.2.5"
  dependencies:
    brace-expansion: "npm:^5.0.5"
  checksum: 10c0/6bb058bd6324104b9ec2f763476a35386d05079c1f5fe4fbf1f324a25237cd4534d6813ecd71f48208f4e635c1221899bef94c3c89f7df55698fe373aaae20fd
  languageName: node
  linkType: hard

"minipass-collect@npm:^2.0.1":
  version: 2.0.1
  resolution: "minipass-collect@npm:2.0.1"
  dependencies:
    minipass: "npm:^7.0.3"
  checksum: 10c0/5167e73f62bb74cc5019594709c77e6a742051a647fe9499abf03c71dca75515b7959d67a764bdc4f8b361cf897fbf25e2d9869ee039203ed45240f48b9aa06e
  languageName: node
  linkType: hard

"minipass-fetch@npm:^6.0.0":
  version: 6.0.0
  resolution: "minipass-fetch@npm:6.0.0"
  dependencies:
    iconv-lite: "npm:^0.7.2"
    minipass: "npm:^7.0.3"
    minipass-sized: "npm:^2.0.0"
    minizlib: "npm:^3.0.1"
  dependenciesMeta:
    iconv-lite:
      optional: true
  checksum: 10c0/931e11c4ccce450d5607e8593b16bda794d82b16b754cb39b6b9b82e93babe816c2e33b27824feb1fb76ba06aa466ff7759a406406a3a354488910b3538c695a
  languageName: node
  linkType: hard

"minipass-flush@npm:^1.0.5":
  version: 1.0.7
  resolution: "minipass-flush@npm:1.0.7"
  dependencies:
    minipass: "npm:^3.0.0"
  checksum: 10c0/960915c02aa0991662c37c404517dd93708d17f96533b2ca8c1e776d158715d8107c5ced425ffc61674c167d93607f07f48a83c139ce1057f8781e5dfb4b90c2
  languageName: node
  linkType: hard

"minipass-pipeline@npm:^1.2.4":
  version: 1.2.4
  resolution: "minipass-pipeline@npm:1.2.4"
  dependencies:
    minipass: "npm:^3.0.0"
  checksum: 10c0/cbda57cea20b140b797505dc2cac71581a70b3247b84480c1fed5ca5ba46c25ecc25f68bfc9e6dcb1a6e9017dab5c7ada5eab73ad4f0a49d84e35093e0c643f2
  languageName: node
  linkType: hard

"minipass-sized@npm:^2.0.0":
  version: 2.0.0
  resolution: "minipass-sized@npm:2.0.0"
  dependencies:
    minipass: "npm:^7.1.2"
  checksum: 10c0/f9201696a6f6d68610d04c9c83e3d2e5cb9c026aae1c8cbf7e17f386105cb79c1bb088dbc21bf0b1eb4f3fb5df384fd1e7aa3bf1f33868c416ae8c8a92679db8
  languageName: node
  linkType: hard

"minipass@npm:^3.0.0":
  version: 3.3.6
  resolution: "minipass@npm:3.3.6"
  dependencies:
    yallist: "npm:^4.0.0"
  checksum: 10c0/a114746943afa1dbbca8249e706d1d38b85ed1298b530f5808ce51f8e9e941962e2a5ad2e00eae7dd21d8a4aae6586a66d4216d1a259385e9d0358f0c1eba16c
  languageName: node
  linkType: hard

"minipass@npm:^7.0.2, minipass@npm:^7.0.3, minipass@npm:^7.1.2, minipass@npm:^7.1.3":
  version: 7.1.3
  resolution: "minipass@npm:7.1.3"
  checksum: 10c0/539da88daca16533211ea5a9ee98dc62ff5742f531f54640dd34429e621955e91cc280a91a776026264b7f9f6735947629f920944e9c1558369e8bf22eb33fbb
  languageName: node
  linkType: hard

"minizlib@npm:^3.0.1":
  version: 3.1.0
  resolution: "minizlib@npm:3.1.0"
  dependencies:
    minipass: "npm:^7.1.2"
  checksum: 10c0/5aad75ab0090b8266069c9aabe582c021ae53eb33c6c691054a13a45db3b4f91a7fb1bd79151e6b4e9e9a86727b522527c0a06ec7d45206b745d54cd3097bcec
  languageName: node
  linkType: hard

"ms@npm:^2.1.3":
  version: 2.1.3
  resolution: "ms@npm:2.1.3"
  checksum: 10c0/d924b57e7312b3b63ad21fc5b3dc0af5e78d61a1fc7cfb5457edaf26326bf62be5307cc87ffb6862ef1c2b33b0233cdb5d4f01c4c958cc0d660948b65a287a48
  languageName: node
  linkType: hard

"negotiator@npm:^1.0.0":
  version: 1.0.0
  resolution: "negotiator@npm:1.0.0"
  checksum: 10c0/4c559dd52669ea48e1914f9d634227c561221dd54734070791f999c52ed0ff36e437b2e07d5c1f6e32909fc625fe46491c16e4a8f0572567d4dd15c3a4fda04b
  languageName: node
  linkType: hard

"npm-install-checks@npm:^9.0.0":
  version: 9.0.0
  resolution: "npm-install-checks@npm:9.0.0"
  dependencies:
    semver: "npm:^7.1.1"
  checksum: 10c0/d9d4e7f66a68511fc4a66cbf38ae41e14b1cee5190fb3470c5524f429f6b76a2bcefe51765488efa24ca63572f6fd0773b11323dae26e0db7dfae56b7ccc39e0
  languageName: node
  linkType: hard

"npm-normalize-package-bin@npm:^6.0.0":
  version: 6.0.0
  resolution: "npm-normalize-package-bin@npm:6.0.0"
  checksum: 10c0/0edede94ea6b6a71d665e04f256bd3db893317c60536f75f954fa2fe1b3b64bad61308ffa88be8567a5594186d11ab85475e5d2d9dadf2def982fe1c0aec57b5
  languageName: node
  linkType: hard

"npm-package-arg@npm:^14.0.0":
  version: 14.0.0
  resolution: "npm-package-arg@npm:14.0.0"
  dependencies:
    hosted-git-info: "npm:^10.1.0"
    proc-log: "npm:^7.0.0"
    semver: "npm:^7.3.5"
    validate-npm-package-name: "npm:^8.0.0"
  checksum: 10c0/f0e88b4047ace2e8a1d2a8f551544c64dd817e0a3b3de034430d5e61f7c11fea1ea18cedec4d258aa2dfc820877b27e171a3e6418bea98892c09c5f3e6eccd5a
  languageName: node
  linkType: hard

"npm-pick-manifest@npm:12.0.0":
  version: 12.0.0
  resolution: "npm-pick-manifest@npm:12.0.0"
  dependencies:
    npm-install-checks: "npm:^9.0.0"
    npm-normalize-package-bin: "npm:^6.0.0"
    npm-package-arg: "npm:^14.0.0"
    semver: "npm:^7.3.5"
  checksum: 10c0/aea1d7fd085685aca790a4e79dc1ae39f7d06541dc50660987546d7203d4ac4f3e337628b0d3f5cd1028f228945ce8f122057cc3192e7d60a0eba58d99b8caff
  languageName: node
  linkType: hard

"npm-registry-fetch@npm:20.0.1":
  version: 20.0.1
  resolution: "npm-registry-fetch@npm:20.0.1"
  dependencies:
    "@npmcli/redact": "npm:^5.0.0"
    jsonparse: "npm:^1.3.1"
    make-fetch-happen: "npm:^16.0.0"
    minipass: "npm:^7.0.2"
    minipass-fetch: "npm:^6.0.0"
    minizlib: "npm:^3.0.1"
    npm-package-arg: "npm:^14.0.0"
    proc-log: "npm:^7.0.0"
  checksum: 10c0/b701021df654f618cec2325486b413bd99c5a2f9651beadc1bbf0e5f0be8b68e850097d6471ed012632a20b1c1b860e10ac462c733d0c9bcbb87b198e586c144
  languageName: node
  linkType: hard

"open@npm:11.0.0":
  version: 11.0.0
  resolution: "open@npm:11.0.0"
  dependencies:
    default-browser: "npm:^5.4.0"
    define-lazy-prop: "npm:^3.0.0"
    is-in-ssh: "npm:^1.0.0"
    is-inside-container: "npm:^1.0.0"
    powershell-utils: "npm:^0.1.0"
    wsl-utils: "npm:^0.3.0"
  checksum: 10c0/7aeeda4131268ed90f90e7728dda5c46bb0c6205b27a4be3e86ea33593e30dd393423e20e31c00802a8e635ef59becaee33ef9749a8ceb027567cd253e9e7b1e
  languageName: node
  linkType: hard

"p-map@npm:^7.0.2":
  version: 7.0.5
  resolution: "p-map@npm:7.0.5"
  checksum: 10c0/4ccbb67d36a8d6e2125ab64ccabee424d1c89b03c10afb43830523c7b9aacc1005e5d21ca7aea70bdc556bd548b7bde65df23c7a18091bbf2b5daf9b86fbc8c5
  languageName: node
  linkType: hard

"path-scurry@npm:^2.0.2":
  version: 2.0.2
  resolution: "path-scurry@npm:2.0.2"
  dependencies:
    lru-cache: "npm:^11.0.0"
    minipass: "npm:^7.1.2"
  checksum: 10c0/b35ad37cf6557a87fd057121ce2be7695380c9138d93e87ae928609da259ea0a170fac6f3ef1eb3ece8a068e8b7f2f3adf5bb2374cf4d4a57fe484954fcc9482
  languageName: node
  linkType: hard

"powershell-utils@npm:^0.1.0":
  version: 0.1.0
  resolution: "powershell-utils@npm:0.1.0"
  checksum: 10c0/a64713cf3583259c9ed6be211c06b4b19e8608bcb0f7f6287ffac0a95b8c7582b6b662eea0e201fd659492c8e9f9c5fd0bfc4579645c5add9c1a600075621c95
  languageName: node
  linkType: hard

"pretty-bytes@npm:7.1.1":
  version: 7.1.1
  resolution: "pretty-bytes@npm:7.1.1"
  checksum: 10c0/fde0a5d0027b6ba315978a8190cf4348c8f115f02bb2ca4efc092ad6ddc8238bd8ad5e53ba531fb57de036168787c7ab9bed165841f4634febddb492505e8aaa
  languageName: node
  linkType: hard

"proc-log@npm:^7.0.0":
  version: 7.0.0
  resolution: "proc-log@npm:7.0.0"
  checksum: 10c0/b89c2d862604f35fec795477b0c7e376feab3ba0d4f4d291c4e959567442697cf451ac557d0623c1cc38af45a78128b983410f397a10c5d3a67f76c33de4754b
  languageName: node
  linkType: hard

"proxy-agent-negotiate@npm:1.1.0":
  version: 1.1.0
  resolution: "proxy-agent-negotiate@npm:1.1.0"
  peerDependencies:
    kerberos: ^2.0.0
  peerDependenciesMeta:
    kerberos:
      optional: true
  checksum: 10c0/e1c89e46b739a790335555c8182ed919f6fa16ca244cd4c01a9806a1c471af785b3beff8bd8a891422bedfffb0f43115333d98ad426f9bc82e7cd20c6a15ceb0
  languageName: node
  linkType: hard

"run-applescript@npm:^7.0.0":
  version: 7.1.0
  resolution: "run-applescript@npm:7.1.0"
  checksum: 10c0/ab826c57c20f244b2ee807704b1ef4ba7f566aa766481ae5922aac785e2570809e297c69afcccc3593095b538a8a77d26f2b2e9a1d9dffee24e0e039502d1a03
  languageName: node
  linkType: hard

"safer-buffer@npm:>= 2.1.2 < 3.0.0":
  version: 2.1.2
  resolution: "safer-buffer@npm:2.1.2"
  checksum: 10c0/7e3c8b2e88a1841c9671094bbaeebd94448111dd90a81a1f606f3f67708a6ec57763b3b47f06da09fc6054193e0e6709e77325415dc8422b04497a8070fa02d4
  languageName: node
  linkType: hard

"semver@npm:^7.1.1, semver@npm:^7.3.5":
  version: 7.8.5
  resolution: "semver@npm:7.8.5"
  bin:
    semver: bin/semver.js
  checksum: 10c0/b1f3127a5be8125a94f37188b361c212466c292c6910adce3ec106cff5dc211ccaedc4739c11bb70fda59d6fc1f040a9bca289f4e093451521a2372e5231fe0c
  languageName: node
  linkType: hard

"signal-exit@npm:^3.0.2":
  version: 3.0.7
  resolution: "signal-exit@npm:3.0.7"
  checksum: 10c0/25d272fa73e146048565e08f3309d5b942c1979a6f4a58a8c59d5fa299728e9c2fcd1a759ec870863b1fd38653670240cd420dad2ad9330c71f36608a6a1c912
  languageName: node
  linkType: hard

"smart-buffer@npm:^4.2.0":
  version: 4.2.0
  resolution: "smart-buffer@npm:4.2.0"
  checksum: 10c0/a16775323e1404dd43fabafe7460be13a471e021637bc7889468eb45ce6a6b207261f454e4e530a19500cc962c4cc5348583520843b363f4193cee5c00e1e539
  languageName: node
  linkType: hard

"socks-proxy-agent@npm:^10.0.0":
  version: 10.1.0
  resolution: "socks-proxy-agent@npm:10.1.0"
  dependencies:
    agent-base: "npm:9.0.0"
    debug: "npm:^4.3.4"
    socks: "npm:^2.8.3"
  checksum: 10c0/48125e2bb3c14796110bf8ab7d84c4db1ad950ad3360e32199cb7524365a84c1ea9c513976701724b7ed182ed6fc32f1740d37756ef618d377cb8533b76f250a
  languageName: node
  linkType: hard

"socks@npm:^2.8.3":
  version: 2.8.9
  resolution: "socks@npm:2.8.9"
  dependencies:
    ip-address: "npm:^10.1.1"
    smart-buffer: "npm:^4.2.0"
  checksum: 10c0/2d4350c31142b0931eb1758825b426bcbf4bfb5eed682ca48bc46dc9e7d1930ec366ea574ad49fc6c1fd9e9e17ce243be0ef13e31fc4b0319d9093f1fb19743c
  languageName: node
  linkType: hard

"ssri@npm:^14.0.0":
  version: 14.0.0
  resolution: "ssri@npm:14.0.0"
  dependencies:
    minipass: "npm:^7.0.3"
  checksum: 10c0/fa2bc2cd23a0c02de7af34ae6f62575b4c6bae3bb03c819fa1dfc5cde133f1246fc49bb6f4a167095a9818226d10480ec48ae3f26694918d15c369d0afa9e919
  languageName: node
  linkType: hard

"string-width@npm:^4.2.3":
  version: 4.2.3
  resolution: "string-width@npm:4.2.3"
  dependencies:
    emoji-regex: "npm:^8.0.0"
    is-fullwidth-code-point: "npm:^3.0.0"
    strip-ansi: "npm:^6.0.1"
  checksum: 10c0/1e525e92e5eae0afd7454086eed9c818ee84374bb80328fc41217ae72ff5f065ef1c9d7f72da41de40c75fa8bb3dee63d92373fd492c84260a552c636392a47b
  languageName: node
  linkType: hard

"strip-ansi@npm:^6.0.1":
  version: 6.0.1
  resolution: "strip-ansi@npm:6.0.1"
  dependencies:
    ansi-regex: "npm:^5.0.1"
  checksum: 10c0/1ae5f212a126fe5b167707f716942490e3933085a5ff6c008ab97ab2f272c8025d3aa218b7bd6ab25729ca20cc81cddb252102f8751e13482a5199e873680952
  languageName: node
  linkType: hard

"tmp@npm:0.2.7":
  version: 0.2.7
  resolution: "tmp@npm:0.2.7"
  checksum: 10c0/59eb55584f2f07210d3231b6a1f6b5c2b9794d8a7b509c8ee867ed2acad6d2245ee2448b7937b676ffbff3155a70077edde8a69f9d7cf0f90c86a62e8910c357
  languageName: node
  linkType: hard

"validate-npm-package-name@npm:^8.0.0":
  version: 8.0.0
  resolution: "validate-npm-package-name@npm:8.0.0"
  checksum: 10c0/ec44abe7f8dd39f263d2571a538973e9c1864a99a0b0899092e50cae914fd9d7d25d69f52d3c9a422f04e75d2fa6d4a6bae8dc24cd6ae3a20e60d3d92e1b752e
  languageName: node
  linkType: hard

"wsl-utils@npm:^0.3.0":
  version: 0.3.1
  resolution: "wsl-utils@npm:0.3.1"
  dependencies:
    is-wsl: "npm:^3.1.0"
    powershell-utils: "npm:^0.1.0"
  checksum: 10c0/b3ba99cc6b71f66457eef598d529beeb8cb57a72646877fe25993894b808c60b82f6d47df5463f0b6e54632272f62f5eaea105c12784fd09b06f500f3f53aa2e
  languageName: node
  linkType: hard

"yallist@npm:^4.0.0":
  version: 4.0.0
  resolution: "yallist@npm:4.0.0"
  checksum: 10c0/2286b5e8dbfe22204ab66e2ef5cc9bbb1e55dfc873bbe0d568aa943eb255d131890dfd5bf243637273d31119b870f49c18fcde2c6ffbb7a7a092b870dc90625a
  languageName: node
  linkType: hard

"yaml@npm:2.9.0":
  version: 2.9.0
  resolution: "yaml@npm:2.9.0"
  bin:
    yaml: bin.mjs
  checksum: 10c0/f340718df45e97a9551b9bf9dac61c80050bc464513b710debfb5067c380c8472e3b67809cffacb4ab5ffb5e66ef9310816c88b05f371cec60abfedd8c88e0a2
  languageName: node
  linkType: hard
