# THIS IS AN AUTOGENERATED FILE. DO NOT EDIT THIS FILE DIRECTLY.
# yarn lockfile v1


a@^1.0.0:
  version "1.0.0"
  resolved "https://registry.yarnpkg.com/a/-/a-1.0.0.tgz#0000000000000000000000000000000000000001"

b@^2.0.0:
  version "2.0.0"
  resolved "https://registry.yarnpkg.com/b/-/b-2.0.0.tgz#0000000000000000000000000000000000000002"

d@^3.0.0:
  version "3.0.0"
  resolved "https://registry.yarnpkg.com/d/-/d-3.0.0.tgz#0000000000000000000000000000000000000004"
