# This file is generated by running "yarn install" inside your project.
# Manual changes might be lost - proceed with caution!

__metadata:
  version: 10
  cacheKey: 10c0

"a@npm:^1.0.0":
  version: 1.0.0
  resolution: "a@npm:1.0.0"
  dependencies:
    b: "npm:^2.0.0"
  checksum: 10c0/0000000000000000000000000000000000000001
  languageName: node
  linkType: hard

"b@npm:^2.0.0":
  version: 2.0.0
  resolution: "b@npm:2.0.0"
  dependencies:
    a: "npm:^1.0.0"
  checksum: 10c0/0000000000000000000000000000000000000002
  languageName: node
  linkType: hard
